
Microsoft Visual Studio Solution File, Format Version 12.00
# Visual Studio Version 16
VisualStudioVersion = 25.0.1703.6
MinimumVisualStudioVersion = 10.0.40219.1
Project("{FAE04EC0-301F-11D3-BF4B-00C04F79EFBC}") = "BlazorEcommerce.Server", "Server\BlazorEcommerce.Server.csproj", "{1B01622F-D89D-440A-A687-92EC5BC78BAB}"
EndProject
Project("{FAE04EC0-301F-11D3-BF4B-00C04F79EFBC}") = "BlazorEcommerce.Client", "Client\BlazorEcommerce.Client.csproj", "{F3CA5955-CEB1-4467-A7D8-9644D42252C7}"
EndProject
Project("{FAE04EC0-301F-11D3-BF4B-00C04F79EFBC}") = "BlazorEcommerce.Shared", "Shared\BlazorEcommerce.Shared.csproj", "{F2560E19-1B89-4EE2-97B1-D582EC8C0AEB}"
EndProject
Global
	GlobalSection(SolutionConfigurationPlatforms) = preSolution
		Debug|Any CPU = Debug|Any CPU
		Release|Any CPU = Release|Any CPU
	EndGlobalSection
	GlobalSection(ProjectConfigurationPlatforms) = postSolution
		{1B01622F-D89D-440A-A687-92EC5BC78BAB}.Debug|Any CPU.ActiveCfg = Debug|Any CPU
		{1B01622F-D89D-440A-A687-92EC5BC78BAB}.Debug|Any CPU.Build.0 = Debug|Any CPU
		{1B01622F-D89D-440A-A687-92EC5BC78BAB}.Release|Any CPU.ActiveCfg = Release|Any CPU
		{1B01622F-D89D-440A-A687-92EC5BC78BAB}.Release|Any CPU.Build.0 = Release|Any CPU
		{F3CA5955-CEB1-4467-A7D8-9644D42252C7}.Debug|Any CPU.ActiveCfg = Debug|Any CPU
		{F3CA5955-CEB1-4467-A7D8-9644D42252C7}.Debug|Any CPU.Build.0 = Debug|Any CPU
		{F3CA5955-CEB1-4467-A7D8-9644D42252C7}.Release|Any CPU.ActiveCfg = Release|Any CPU
		{F3CA5955-CEB1-4467-A7D8-9644D42252C7}.Release|Any CPU.Build.0 = Release|Any CPU
		{F2560E19-1B89-4EE2-97B1-D582EC8C0AEB}.Debug|Any CPU.ActiveCfg = Debug|Any CPU
		{F2560E19-1B89-4EE2-97B1-D582EC8C0AEB}.Debug|Any CPU.Build.0 = Debug|Any CPU
		{F2560E19-1B89-4EE2-97B1-D582EC8C0AEB}.Release|Any CPU.ActiveCfg = Release|Any CPU
		{F2560E19-1B89-4EE2-97B1-D582EC8C0AEB}.Release|Any CPU.Build.0 = Release|Any CPU
	EndGlobalSection
	GlobalSection(SolutionProperties) = preSolution
		HideSolutionNode = FALSE
	EndGlobalSection
	GlobalSection(ExtensibilityGlobals) = postSolution
		SolutionGuid = {12A5E635-4466-43CD-8A94-7A7962D94A52}
	EndGlobalSection
EndGlobal
